
Microsoft Visual Studio Solution File, Format Version 12.00
# Visual Studio Version 17
VisualStudioVersion = 17.14.36518.9
MinimumVisualStudioVersion = 10.0.40219.1
Project("{FAE04EC0-301F-11D3-BF4B-00C04F79EFBC}") = "MedMateAI", "MedMateAI\MedMateAI.csproj", "{1C13F47E-46BC-40BA-B42B-04FE896383CD}"
EndProject
Project("{FAE04EC0-301F-11D3-BF4B-00C04F79EFBC}") = "MedMateAI.Domain", "MedMateAI.Domain\MedMateAI.Domain.csproj", "{6AFEA9B0-1C07-47D2-BEC6-5F9B3EF3A4BD}"
EndProject
Project("{FAE04EC0-301F-11D3-BF4B-00C04F79EFBC}") = "MedMateAI.Infrastructure", "MedMateAI.Infrastructure\MedMateAI.Infrastructure.csproj", "{B7B31E52-0A67-4582-9D43-3105CECF13BD}"
EndProject
Project("{FAE04EC0-301F-11D3-BF4B-00C04F79EFBC}") = "MedMateAI.Application", "MedMateAI.Application\MedMateAI.Application.csproj", "{DC7F2F95-A832-4952-9F7D-1D8CB1A78648}"
EndProject
Project("{FAE04EC0-301F-11D3-BF4B-00C04F79EFBC}") = "MedMateAI.Tests", "MedMateAI.Tests\MedMateAI.Tests.csproj", "{8ACA7FA1-1047-A5F7-D033-7F629BBD31B7}"
EndProject
Global
	GlobalSection(SolutionConfigurationPlatforms) = preSolution
		Debug|Any CPU = Debug|Any CPU
		Debug|x64 = Debug|x64
		Debug|x86 = Debug|x86
		Release|Any CPU = Release|Any CPU
		Release|x64 = Release|x64
		Release|x86 = Release|x86
	EndGlobalSection
	GlobalSection(ProjectConfigurationPlatforms) = postSolution
		{1C13F47E-46BC-40BA-B42B-04FE896383CD}.Debug|Any CPU.ActiveCfg = Debug|Any CPU
		{1C13F47E-46BC-40BA-B42B-04FE896383CD}.Debug|Any CPU.Build.0 = Debug|Any CPU
		{1C13F47E-46BC-40BA-B42B-04FE896383CD}.Debug|x64.ActiveCfg = Debug|Any CPU
		{1C13F47E-46BC-40BA-B42B-04FE896383CD}.Debug|x64.Build.0 = Debug|Any CPU
		{1C13F47E-46BC-40BA-B42B-04FE896383CD}.Debug|x86.ActiveCfg = Debug|Any CPU
		{1C13F47E-46BC-40BA-B42B-04FE896383CD}.Debug|x86.Build.0 = Debug|Any CPU
		{1C13F47E-46BC-40BA-B42B-04FE896383CD}.Release|Any CPU.ActiveCfg = Release|Any CPU
		{1C13F47E-46BC-40BA-B42B-04FE896383CD}.Release|Any CPU.Build.0 = Release|Any CPU
		{1C13F47E-46BC-40BA-B42B-04FE896383CD}.Release|x64.ActiveCfg = Release|Any CPU
		{1C13F47E-46BC-40BA-B42B-04FE896383CD}.Release|x64.Build.0 = Release|Any CPU
		{1C13F47E-46BC-40BA-B42B-04FE896383CD}.Release|x86.ActiveCfg = Release|Any CPU
		{1C13F47E-46BC-40BA-B42B-04FE896383CD}.Release|x86.Build.0 = Release|Any CPU
		{6AFEA9B0-1C07-47D2-BEC6-5F9B3EF3A4BD}.Debug|Any CPU.ActiveCfg = Debug|Any CPU
		{6AFEA9B0-1C07-47D2-BEC6-5F9B3EF3A4BD}.Debug|Any CPU.Build.0 = Debug|Any CPU
		{6AFEA9B0-1C07-47D2-BEC6-5F9B3EF3A4BD}.Debug|x64.ActiveCfg = Debug|Any CPU
		{6AFEA9B0-1C07-47D2-BEC6-5F9B3EF3A4BD}.Debug|x64.Build.0 = Debug|Any CPU
		{6AFEA9B0-1C07-47D2-BEC6-5F9B3EF3A4BD}.Debug|x86.ActiveCfg = Debug|Any CPU
		{6AFEA9B0-1C07-47D2-BEC6-5F9B3EF3A4BD}.Debug|x86.Build.0 = Debug|Any CPU
		{6AFEA9B0-1C07-47D2-BEC6-5F9B3EF3A4BD}.Release|Any CPU.ActiveCfg = Release|Any CPU
		{6AFEA9B0-1C07-47D2-BEC6-5F9B3EF3A4BD}.Release|Any CPU.Build.0 = Release|Any CPU
		{6AFEA9B0-1C07-47D2-BEC6-5F9B3EF3A4BD}.Release|x64.ActiveCfg = Release|Any CPU
		{6AFEA9B0-1C07-47D2-BEC6-5F9B3EF3A4BD}.Release|x64.Build.0 = Release|Any CPU
		{6AFEA9B0-1C07-47D2-BEC6-5F9B3EF3A4BD}.Release|x86.ActiveCfg = Release|Any CPU
		{6AFEA9B0-1C07-47D2-BEC6-5F9B3EF3A4BD}.Release|x86.Build.0 = Release|Any CPU
		{B7B31E52-0A67-4582-9D43-3105CECF13BD}.Debug|Any CPU.ActiveCfg = Debug|Any CPU
		{B7B31E52-0A67-4582-9D43-3105CECF13BD}.Debug|Any CPU.Build.0 = Debug|Any CPU
		{B7B31E52-0A67-4582-9D43-3105CECF13BD}.Debug|x64.ActiveCfg = Debug|Any CPU
		{B7B31E52-0A67-4582-9D43-3105CECF13BD}.Debug|x64.Build.0 = Debug|Any CPU
		{B7B31E52-0A67-4582-9D43-3105CECF13BD}.Debug|x86.ActiveCfg = Debug|Any CPU
		{B7B31E52-0A67-4582-9D43-3105CECF13BD}.Debug|x86.Build.0 = Debug|Any CPU
		{B7B31E52-0A67-4582-9D43-3105CECF13BD}.Release|Any CPU.ActiveCfg = Release|Any CPU
		{B7B31E52-0A67-4582-9D43-3105CECF13BD}.Release|Any CPU.Build.0 = Release|Any CPU
		{B7B31E52-0A67-4582-9D43-3105CECF13BD}.Release|x64.ActiveCfg = Release|Any CPU
		{B7B31E52-0A67-4582-9D43-3105CECF13BD}.Release|x64.Build.0 = Release|Any CPU
		{B7B31E52-0A67-4582-9D43-3105CECF13BD}.Release|x86.ActiveCfg = Release|Any CPU
		{B7B31E52-0A67-4582-9D43-3105CECF13BD}.Release|x86.Build.0 = Release|Any CPU
		{DC7F2F95-A832-4952-9F7D-1D8CB1A78648}.Debug|Any CPU.ActiveCfg = Debug|Any CPU
		{DC7F2F95-A832-4952-9F7D-1D8CB1A78648}.Debug|Any CPU.Build.0 = Debug|Any CPU
		{DC7F2F95-A832-4952-9F7D-1D8CB1A78648}.Debug|x64.ActiveCfg = Debug|Any CPU
		{DC7F2F95-A832-4952-9F7D-1D8CB1A78648}.Debug|x64.Build.0 = Debug|Any CPU
		{DC7F2F95-A832-4952-9F7D-1D8CB1A78648}.Debug|x86.ActiveCfg = Debug|Any CPU
		{DC7F2F95-A832-4952-9F7D-1D8CB1A78648}.Debug|x86.Build.0 = Debug|Any CPU
		{DC7F2F95-A832-4952-9F7D-1D8CB1A78648}.Release|Any CPU.ActiveCfg = Release|Any CPU
		{DC7F2F95-A832-4952-9F7D-1D8CB1A78648}.Release|Any CPU.Build.0 = Release|Any CPU
		{DC7F2F95-A832-4952-9F7D-1D8CB1A78648}.Release|x64.ActiveCfg = Release|Any CPU
		{DC7F2F95-A832-4952-9F7D-1D8CB1A78648}.Release|x64.Build.0 = Release|Any CPU
		{DC7F2F95-A832-4952-9F7D-1D8CB1A78648}.Release|x86.ActiveCfg = Release|Any CPU
		{DC7F2F95-A832-4952-9F7D-1D8CB1A78648}.Release|x86.Build.0 = Release|Any CPU
		{8ACA7FA1-1047-A5F7-D033-7F629BBD31B7}.Debug|Any CPU.ActiveCfg = Debug|Any CPU
		{8ACA7FA1-1047-A5F7-D033-7F629BBD31B7}.Debug|Any CPU.Build.0 = Debug|Any CPU
		{8ACA7FA1-1047-A5F7-D033-7F629BBD31B7}.Debug|x64.ActiveCfg = Debug|Any CPU
		{8ACA7FA1-1047-A5F7-D033-7F629BBD31B7}.Debug|x64.Build.0 = Debug|Any CPU
		{8ACA7FA1-1047-A5F7-D033-7F629BBD31B7}.Debug|x86.ActiveCfg = Debug|Any CPU
		{8ACA7FA1-1047-A5F7-D033-7F629BBD31B7}.Debug|x86.Build.0 = Debug|Any CPU
		{8ACA7FA1-1047-A5F7-D033-7F629BBD31B7}.Release|Any CPU.ActiveCfg = Release|Any CPU
		{8ACA7FA1-1047-A5F7-D033-7F629BBD31B7}.Release|Any CPU.Build.0 = Release|Any CPU
		{8ACA7FA1-1047-A5F7-D033-7F629BBD31B7}.Release|x64.ActiveCfg = Release|Any CPU
		{8ACA7FA1-1047-A5F7-D033-7F629BBD31B7}.Release|x64.Build.0 = Release|Any CPU
		{8ACA7FA1-1047-A5F7-D033-7F629BBD31B7}.Release|x86.ActiveCfg = Release|Any CPU
		{8ACA7FA1-1047-A5F7-D033-7F629BBD31B7}.Release|x86.Build.0 = Release|Any CPU
	EndGlobalSection
	GlobalSection(SolutionProperties) = preSolution
		HideSolutionNode = FALSE
	EndGlobalSection
	GlobalSection(ExtensibilityGlobals) = postSolution
		SolutionGuid = {74D0FB54-53A6-4AD9-B65A-098D5EAD08B9}
	EndGlobalSection
EndGlobal
